Microsoft Visual Studio Solution File, Format Version 12.00
# Visual Studio Version 17
VisualStudioVersion = 17.5.2.0
MinimumVisualStudioVersion = 10.0.40219.1
Project("{FAE04EC0-301F-11D3-BF4B-00C04F79EFBC}") = "Diagnostico", "Diagnostico.csproj", "{FFE6D035-8EC7-6274-159E-2CB80535B238}"
EndProject
Global
	GlobalSection(SolutionConfigurationPlatforms) = preSolution
		Debug|Any CPU = Debug|Any CPU
		Release|Any CPU = Release|Any CPU
	EndGlobalSection
	GlobalSection(ProjectConfigurationPlatforms) = postSolution
		{FFE6D035-8EC7-6274-159E-2CB80535B238}.Debug|Any CPU.ActiveCfg = Debug|Any CPU
		{FFE6D035-8EC7-6274-159E-2CB80535B238}.Debug|Any CPU.Build.0 = Debug|Any CPU
		{FFE6D035-8EC7-6274-159E-2CB80535B238}.Release|Any CPU.ActiveCfg = Release|Any CPU
		{FFE6D035-8EC7-6274-159E-2CB80535B238}.Release|Any CPU.Build.0 = Release|Any CPU
	EndGlobalSection
	GlobalSection(SolutionProperties) = preSolution
		HideSolutionNode = FALSE
	EndGlobalSection
	GlobalSection(ExtensibilityGlobals) = postSolution
		SolutionGuid = {66B400A7-D446-478A-94D1-C65B1CB22909}
	EndGlobalSection
EndGlobal
